<Solution>
  <Folder Name="/doc/">
    <File Path="../doc/readme.md" />
    <File Path="../doc/architecture.md" />
    <File Path="../doc/catalog-and-config.md" />
    <File Path="../doc/runtime.md" />
    <File Path="../doc/providers.md" />
    <File Path="../doc/live-tool.md" />
    <File Path="../doc/acp.md" />
    <File Path="../doc/plugins.md" />
    <File Path="../doc/skills.md" />
    <File Path="../doc/orchestration-actor-model.md" />
    <File Path="../doc/development-guide.md" />
    <File Path="../doc/specs/readme.md" />
  </Folder>
  <Folder Name="/general/">
    <File Path="../.editorconfig" />
    <File Path="../.gitattributes" />
    <File Path="../.github/workflows/ci.yml" />
    <File Path="../.gitignore" />
    <File Path="../AGENTS.md" />
    <File Path="../license.txt" />
    <File Path="../readme.md" />
    <File Path="Directory.Build.props" />
    <File Path="Directory.Packages.props" />
    <File Path="dotnet-releaser.toml" />
    <File Path="global.json" />
  </Folder>
  <Folder Name="/libs/">
    <Project Path="CodeAlta.Acp/CodeAlta.Acp.csproj" />
    <Project Path="CodeAlta.Agent.Acp/CodeAlta.Agent.Acp.csproj" />
    <Project Path="CodeAlta.Agent.Anthropic/CodeAlta.Agent.Anthropic.csproj" />
    <Project Path="CodeAlta.Agent.Copilot/CodeAlta.Agent.Copilot.csproj" />
    <Project Path="CodeAlta.Agent.GoogleGenAI/CodeAlta.Agent.GoogleGenAI.csproj" />
    <Project Path="CodeAlta.Agent.OpenAI/CodeAlta.Agent.OpenAI.csproj" />
    <Project Path="CodeAlta.Agent/CodeAlta.Agent.csproj" />
    <Project Path="CodeAlta.Catalog/CodeAlta.Catalog.csproj" />
    <Project Path="CodeAlta.LiveTool/CodeAlta.LiveTool.csproj" />
    <Project Path="CodeAlta.Orchestration/CodeAlta.Orchestration.csproj" />
    <Project Path="CodeAlta.Plugin.Statistics/CodeAlta.Plugin.Statistics.csproj" />
    <Project Path="CodeAlta.Plugins.Abstractions/CodeAlta.Plugins.Abstractions.csproj" />
    <Project Path="CodeAlta.Plugins/CodeAlta.Plugins.csproj" />
  </Folder>
  <Folder Name="/main/">
    <Project Path="CodeAlta/CodeAlta.csproj" />
  </Folder>
  <Folder Name="/tests/">
    <Project Path="CodeAlta.Catalog.Tests/CodeAlta.Catalog.Tests.csproj" />
    <Project Path="CodeAlta.Orchestration.Tests/CodeAlta.Orchestration.Tests.csproj" />
    <Project Path="CodeAlta.Plugins.Abstractions.Tests/CodeAlta.Plugins.Abstractions.Tests.csproj" />
    <Project Path="CodeAlta.Plugins.Tests/CodeAlta.Plugins.Tests.csproj" />
    <Project Path="CodeAlta.Tests/CodeAlta.Tests.csproj" />
  </Folder>
  <Folder Name="/tools/">
    <Project Path="CodeAlta.Acp.Generator/CodeAlta.Acp.Generator.csproj" />
    <Project Path="CodeAlta.Agent.ModelsDev.Updater/CodeAlta.Agent.ModelsDev.Updater.csproj" />
  </Folder></Solution>
